// !$*UTF8*$!
{
	archiveVersion = 1;
	classes = {
	};
	objectVersion = 46;
	objects = {

/* Begin PBXBuildFile section */
		47E4933918C3821100D6F600 /* Foundation.framework in Frameworks */ = {isa = PBXBuildFile; fileRef = 47E4933818C3821100D6F600 /* Foundation.framework */; };
		47E4933B18C3821100D6F600 /* CoreGraphics.framework in Frameworks */ = {isa = PBXBuildFile; fileRef = 47E4933A18C3821100D6F600 /* CoreGraphics.framework */; };
		47E4933D18C3821100D6F600 /* UIKit.framework in Frameworks */ = {isa = PBXBuildFile; fileRef = 47E4933C18C3821100D6F600 /* UIKit.framework */; };
		47E4934318C3821100D6F600 /* InfoPlist.strings in Resources */ = {isa = PBXBuildFile; fileRef = 47E4934118C3821100D6F600 /* InfoPlist.strings */; };
		47E4934518C3821100D6F600 /* main.m in Sources */ = {isa = PBXBuildFile; fileRef = 47E4934418C3821100D6F600 /* main.m */; };
		47E4934918C3821100D6F600 /* JKAppDelegate.m in Sources */ = {isa = PBXBuildFile; fileRef = 47E4934818C3821100D6F600 /* JKAppDelegate.m */; };
		47E4934C18C3821100D6F600 /* Main.storyboard in Resources */ = {isa = PBXBuildFile; fileRef = 47E4934A18C3821100D6F600 /* Main.storyboard */; };
		47E4934F18C3821100D6F600 /* JKViewController.m in Sources */ = {isa = PBXBuildFile; fileRef = 47E4934E18C3821100D6F600 /* JKViewController.m */; };
		47E4935118C3821100D6F600 /* Images.xcassets in Resources */ = {isa = PBXBuildFile; fileRef = 47E4935018C3821100D6F600 /* Images.xcassets */; };
		47E4935818C3821100D6F600 /* XCTest.framework in Frameworks */ = {isa = PBXBuildFile; fileRef = 47E4935718C3821100D6F600 /* XCTest.framework */; };
		47E4935918C3821100D6F600 /* Foundation.framework in Frameworks */ = {isa = PBXBuildFile; fileRef = 47E4933818C3821100D6F600 /* Foundation.framework */; };
		47E4935A18C3821100D6F600 /* UIKit.framework in Frameworks */ = {isa = PBXBuildFile; fileRef = 47E4933C18C3821100D6F600 /* UIKit.framework */; };
		47E4936218C3821100D6F600 /* InfoPlist.strings in Resources */ = {isa = PBXBuildFile; fileRef = 47E4936018C3821100D6F600 /* InfoPlist.strings */; };
		47E4936418C3821100D6F600 /* testTests.m in Sources */ = {isa = PBXBuildFile; fileRef = 47E4936318C3821100D6F600 /* testTests.m */; };
/* End PBXBuildFile section */

/* Begin PBXContainerItemProxy section */
		47E4935B18C3821100D6F600 /* PBXContainerItemProxy */ = {
			isa = PBXContainerItemProxy;
			containerPortal = 47E4932D18C3821100D6F600 /* Project object */;
			proxyType = 1;
			remoteGlobalIDString = 47E4933418C3821100D6F600;
			remoteInfo = test;
		};
/* End PBXContainerItemProxy section */

/* Begin PBXFileReference section */
		47E4933518C3821100D6F600 /* test.app */ = {isa = PBXFileReference; explicitFileType = wrapper.application; includeInIndex = 0; path = test.app; sourceTree = BUILT_PRODUCTS_DIR; };
		47E4933818C3821100D6F600 /* Foundation.framework */ = {isa = PBXFileReference; lastKnownFileType = wrapper.framework; name = Foundation.framework; path = System/Library/Frameworks/Foundation.framework; sourceTree = SDKROOT; };
		47E4933A18C3821100D6F600 /* CoreGraphics.framework */ = {isa = PBXFileReference; lastKnownFileType = wrapper.framework; name = CoreGraphics.framework; path = System/Library/Frameworks/CoreGraphics.framework; sourceTree = SDKROOT; };
		47E4933C18C3821100D6F600 /* UIKit.framework */ = {isa = PBXFileReference; lastKnownFileType = wrapper.framework; name = UIKit.framework; path = System/Library/Frameworks/UIKit.framework; sourceTree = SDKROOT; };
		47E4934018C3821100D6F600 /* test-Info.plist */ = {isa = PBXFileReference; lastKnownFileType = text.plist.xml; path = "test-Info.plist"; sourceTree = "<group>"; };
		47E4934218C3821100D6F600 /* en */ = {isa = PBXFileReference; lastKnownFileType = text.plist.strings; name = en; path = en.lproj/InfoPlist.strings; sourceTree = "<group>"; };
		47E4934418C3821100D6F600 /* main.m */ = {isa = PBXFileReference; lastKnownFileType = sourcecode.c.objc; path = main.m; sourceTree = "<group>"; };
		47E4934618C3821100D6F600 /* test-Prefix.pch */ = {isa = PBXFileReference; lastKnownFileType = sourcecode.c.h; path = "test-Prefix.pch"; sourceTree = "<group>"; };
		47E4934718C3821100D6F600 /* JKAppDelegate.h */ = {isa = PBXFileReference; lastKnownFileType = sourcecode.c.h; path = JKAppDelegate.h; sourceTree = "<group>"; };
		47E4934818C3821100D6F600 /* JKAppDelegate.m */ = {isa = PBXFileReference; lastKnownFileType = sourcecode.c.objc; path = JKAppDelegate.m; sourceTree = "<group>"; };
		47E4934B18C3821100D6F600 /* Base */ = {isa = PBXFileReference; lastKnownFileType = file.storyboard; name = Base; path = Base.lproj/Main.storyboard; sourceTree = "<group>"; };
		47E4934D18C3821100D6F600 /* JKViewController.h */ = {isa = PBXFileReference; lastKnownFileType = sourcecode.c.h; path = JKViewController.h; sourceTree = "<group>"; };
		47E4934E18C3821100D6F600 /* JKViewController.m */ = {isa = PBXFileReference; lastKnownFileType = sourcecode.c.objc; path = JKViewController.m; sourceTree = "<group>"; };
		47E4935018C3821100D6F600 /* Images.xcassets */ = {isa = PBXFileReference; lastKnownFileType = folder.assetcatalog; path = Images.xcassets; sourceTree = "<group>"; };
		47E4935618C3821100D6F600 /* testTests.xctest */ = {isa = PBXFileReference; explicitFileType = wrapper.cfbundle; includeInIndex = 0; path = testTests.xctest; sourceTree = BUILT_PRODUCTS_DIR; };
		47E4935718C3821100D6F600 /* XCTest.framework */ = {isa = PBXFileReference; lastKnownFileType = wrapper.framework; name = XCTest.framework; path = Library/Frameworks/XCTest.framework; sourceTree = DEVELOPER_DIR; };
		47E4935F18C3821100D6F600 /* testTests-Info.plist */ = {isa = PBXFileReference; lastKnownFileType = text.plist.xml; path = "testTests-Info.plist"; sourceTree = "<group>"; };
		47E4936118C3821100D6F600 /* en */ = {isa = PBXFileReference; lastKnownFileType = text.plist.strings; name = en; path = en.lproj/InfoPlist.strings; sourceTree = "<group>"; };
		47E4936318C3821100D6F600 /* testTests.m */ = {isa = PBXFileReference; lastKnownFileType = sourcecode.c.objc; path = testTests.m; sourceTree = "<group>"; };
/* End PBXFileReference section */

/* Begin PBXFrameworksBuildPhase section */
		47E4933218C3821100D6F600 /* Frameworks */ = {
			isa = PBXFrameworksBuildPhase;
			buildActionMask = 2147483647;
			files = (
				47E4933B18C3821100D6F600 /* CoreGraphics.framework in Frameworks */,
				47E4933D18C3821100D6F600 /* UIKit.framework in Frameworks */,
				47E4933918C3821100D6F600 /* Foundation.framework in Frameworks */,
			);
			runOnlyForDeploymentPostprocessing = 0;
		};
		47E4935318C3821100D6F600 /* Frameworks */ = {
			isa = PBXFrameworksBuildPhase;
			buildActionMask = 2147483647;
			files = (
				47E4935818C3821100D6F600 /* XCTest.framework in Frameworks */,
				47E4935A18C3821100D6F600 /* UIKit.framework in Frameworks */,
				47E4935918C3821100D6F600 /* Foundation.framework in Frameworks */,
			);
			runOnlyForDeploymentPostprocessing = 0;
		};
/* End PBXFrameworksBuildPhase section */

/* Begin PBXGroup section */
		47E4932C18C3821100D6F600 = {
			isa = PBXGroup;
			children = (
				47E4933E18C3821100D6F600 /* test */,
				47E4935D18C3821100D6F600 /* testTests */,
				47E4933718C3821100D6F600 /* Frameworks */,
				47E4933618C3821100D6F600 /* Products */,
			);
			sourceTree = "<group>";
		};
		47E4933618C3821100D6F600 /* Products */ = {
			isa = PBXGroup;
			children = (
				47E4933518C3821100D6F600 /* test.app */,
				47E4935618C3821100D6F600 /* testTests.xctest */,
			);
			name = Products;
			sourceTree = "<group>";
		};
		47E4933718C3821100D6F600 /* Frameworks */ = {
			isa = PBXGroup;
			children = (
				47E4933818C3821100D6F600 /* Foundation.framework */,
				47E4933A18C3821100D6F600 /* CoreGraphics.framework */,
				47E4933C18C3821100D6F600 /* UIKit.framework */,
				47E4935718C3821100D6F600 /* XCTest.framework */,
			);
			name = Frameworks;
			sourceTree = "<group>";
		};
		47E4933E18C3821100D6F600 /* test */ = {
			isa = PBXGroup;
			children = (
				47E4934718C3821100D6F600 /* JKAppDelegate.h */,
				47E4934818C3821100D6F600 /* JKAppDelegate.m */,
				47E4934A18C3821100D6F600 /* Main.storyboard */,
				47E4934D18C3821100D6F600 /* JKViewController.h */,
				47E4934E18C3821100D6F600 /* JKViewController.m */,
				47E4935018C3821100D6F600 /* Images.xcassets */,
				47E4933F18C3821100D6F600 /* Supporting Files */,
			);
			path = test;
			sourceTree = "<group>";
		};
		47E4933F18C3821100D6F600 /* Supporting Files */ = {
			isa = PBXGroup;
			children = (
				47E4934018C3821100D6F600 /* test-Info.plist */,
				47E4934118C3821100D6F600 /* InfoPlist.strings */,
				47E4934418C3821100D6F600 /* main.m */,
				47E4934618C3821100D6F600 /* test-Prefix.pch */,
			);
			name = "Supporting Files";
			sourceTree = "<group>";
		};
		47E4935D18C3821100D6F600 /* testTests */ = {
			isa = PBXGroup;
			children = (
				47E4936318C3821100D6F600 /* testTests.m */,
				47E4935E18C3821100D6F600 /* Supporting Files */,
			);
			path = testTests;
			sourceTree = "<group>";
		};
		47E4935E18C3821100D6F600 /* Supporting Files */ = {
			isa = PBXGroup;
			children = (
				47E4935F18C3821100D6F600 /* testTests-Info.plist */,
				47E4936018C3821100D6F600 /* InfoPlist.strings */,
			);
			name = "Supporting Files";
			sourceTree = "<group>";
		};
/* End PBXGroup section */

/* Begin PBXNativeTarget section */
		47E4933418C3821100D6F600 /* test */ = {
			isa = PBXNativeTarget;
			buildConfigurationList = 47E4936718C3821100D6F600 /* Build configuration list for PBXNativeTarget "test" */;
			buildPhases = (
				47E4933118C3821100D6F600 /* Sources */,
				47E4933218C3821100D6F600 /* Frameworks */,
				47E4933318C3821100D6F600 /* Resources */,
			);
			buildRules = (
			);
			dependencies = (
			);
			name = test;
			productName = test;
			productReference = 47E4933518C3821100D6F600 /* test.app */;
			productType = "com.apple.product-type.application";
		};
		47E4935518C3821100D6F600 /* testTests */ = {
			isa = PBXNativeTarget;
			buildConfigurationList = 47E4936A18C3821100D6F600 /* Build configuration list for PBXNativeTarget "testTests" */;
			buildPhases = (
				47E4935218C3821100D6F600 /* Sources */,
				47E4935318C3821100D6F600 /* Frameworks */,
				47E4935418C3821100D6F600 /* Resources */,
			);
			buildRules = (
			);
			dependencies = (
				47E4935C18C3821100D6F600 /* PBXTargetDependency */,
			);
			name = testTests;
			productName = testTests;
			productReference = 47E4935618C3821100D6F600 /* testTests.xctest */;
			productType = "com.apple.product-type.bundle.unit-test";
		};
/* End PBXNativeTarget section */

/* Begin PBXProject section */
		47E4932D18C3821100D6F600 /* Project object */ = {
			isa = PBXProject;
			attributes = {
				CLASSPREFIX = JK;
				LastUpgradeCheck = 0500;
				ORGANIZATIONNAME = armadinho;
				TargetAttributes = {
					47E4935518C3821100D6F600 = {
						TestTargetID = 47E4933418C3821100D6F600;
					};
				};
			};
			buildConfigurationList = 47E4933018C3821100D6F600 /* Build configuration list for PBXProject "test" */;
			compatibilityVersion = "Xcode 3.2";
			developmentRegion = English;
			hasScannedForEncodings = 0;
			knownRegions = (
				en,
				Base,
			);
			mainGroup = 47E4932C18C3821100D6F600;
			productRefGroup = 47E4933618C3821100D6F600 /* Products */;
			projectDirPath = "";
			projectRoot = "";
			targets = (
				47E4933418C3821100D6F600 /* test */,
				47E4935518C3821100D6F600 /* testTests */,
			);
		};
/* End PBXProject section */

/* Begin PBXResourcesBuildPhase section */
		47E4933318C3821100D6F600 /* Resources */ = {
			isa = PBXResourcesBuildPhase;
			buildActionMask = 2147483647;
			files = (
				47E4935118C3821100D6F600 /* Images.xcassets in Resources */,
				47E4934318C3821100D6F600 /* InfoPlist.strings in Resources */,
				47E4934C18C3821100D6F600 /* Main.storyboard in Resources */,
			);
			runOnlyForDeploymentPostprocessing = 0;
		};
		47E4935418C3821100D6F600 /* Resources */ = {
			isa = PBXResourcesBuildPhase;
			buildActionMask = 2147483647;
			files = (
				47E4936218C3821100D6F600 /* InfoPlist.strings in Resources */,
			);
			runOnlyForDeploymentPostprocessing = 0;
		};
/* End PBXResourcesBuildPhase section */

/* Begin PBXSourcesBuildPhase section */
		47E4933118C3821100D6F600 /* Sources */ = {
			isa = PBXSourcesBuildPhase;
			buildActionMask = 2147483647;
			files = (
				47E4934518C3821100D6F600 /* main.m in Sources */,
				47E4934F18C3821100D6F600 /* JKViewController.m in Sources */,
				47E4934918C3821100D6F600 /* JKAppDelegate.m in Sources */,
			);
			runOnlyForDeploymentPostprocessing = 0;
		};
		47E4935218C3821100D6F600 /* Sources */ = {
			isa = PBXSourcesBuildPhase;
			buildActionMask = 2147483647;
			files = (
				47E4936418C3821100D6F600 /* testTests.m in Sources */,
			);
			runOnlyForDeploymentPostprocessing = 0;
		};
/* End PBXSourcesBuildPhase section */

/* Begin PBXTargetDependency section */
		47E4935C18C3821100D6F600 /* PBXTargetDependency */ = {
			isa = PBXTargetDependency;
			target = 47E4933418C3821100D6F600 /* test */;
			targetProxy = 47E4935B18C3821100D6F600 /* PBXContainerItemProxy */;
		};
/* End PBXTargetDependency section */

/* Begin PBXVariantGroup section */
		47E4934118C3821100D6F600 /* InfoPlist.strings */ = {
			isa = PBXVariantGroup;
			children = (
				47E4934218C3821100D6F600 /* en */,
			);
			name = InfoPlist.strings;
			sourceTree = "<group>";
		};
		47E4934A18C3821100D6F600 /* Main.storyboard */ = {
			isa = PBXVariantGroup;
			children = (
				47E4934B18C3821100D6F600 /* Base */,
			);
			name = Main.storyboard;
			sourceTree = "<group>";
		};
		47E4936018C3821100D6F600 /* InfoPlist.strings */ = {
			isa = PBXVariantGroup;
			children = (
				47E4936118C3821100D6F600 /* en */,
			);
			name = InfoPlist.strings;
			sourceTree = "<group>";
		};
/* End PBXVariantGroup section */

/* Begin XCBuildConfiguration section */
		47E4936518C3821100D6F600 /* Debug */ = {
			isa = XCBuildConfiguration;
			buildSettings = {
				ALWAYS_SEARCH_USER_PATHS = NO;
				ARCHS = "$(ARCHS_STANDARD_INCLUDING_64_BIT)";
				CLANG_CXX_LANGUAGE_STANDARD = "gnu++0x";
				CLANG_CXX_LIBRARY = "libc++";
				CLANG_ENABLE_MODULES = YES;
				CLANG_ENABLE_OBJC_ARC = YES;
				CLANG_WARN_BOOL_CONVERSION = YES;
				CLANG_WARN_CONSTANT_CONVERSION = YES;
				CLANG_WARN_DIRECT_OBJC_ISA_USAGE = YES_ERROR;
				CLANG_WARN_EMPTY_BODY = YES;
				CLANG_WARN_ENUM_CONVERSION = YES;
				CLANG_WARN_INT_CONVERSION = YES;
				CLANG_WARN_OBJC_ROOT_CLASS = YES_ERROR;
				CLANG_WARN__DUPLICATE_METHOD_MATCH = YES;
				"CODE_SIGN_IDENTITY[sdk=iphoneos*]" = "iPhone Developer";
				COPY_PHASE_STRIP = NO;
				GCC_C_LANGUAGE_STANDARD = gnu99;
				GCC_DYNAMIC_NO_PIC = NO;
				GCC_OPTIMIZATION_LEVEL = 0;
				GCC_PREPROCESSOR_DEFINITIONS = (
					"DEBUG=1",
					"$(inherited)",
				);
				GCC_SYMBOLS_PRIVATE_EXTERN = NO;
				GCC_WARN_64_TO_32_BIT_CONVERSION = YES;
				GCC_WARN_ABOUT_RETURN_TYPE = YES_ERROR;
				GCC_WARN_UNDECLARED_SELECTOR = YES;
				GCC_WARN_UNINITIALIZED_AUTOS = YES;
				GCC_WARN_UNUSED_FUNCTION = YES;
				GCC_WARN_UNUSED_VARIABLE = YES;
				IPHONEOS_DEPLOYMENT_TARGET = 7.0;
				ONLY_ACTIVE_ARCH = YES;
				SDKROOT = iphoneos;
			};
			name = Debug;
		};
		47E4936618C3821100D6F600 /* Release */ = {
			isa = XCBuildConfiguration;
			buildSettings = {
				ALWAYS_SEARCH_USER_PATHS = NO;
				ARCHS = "$(ARCHS_STANDARD_INCLUDING_64_BIT)";
				CLANG_CXX_LANGUAGE_STANDARD = "gnu++0x";
				CLANG_CXX_LIBRARY = "libc++";
				CLANG_ENABLE_MODULES = YES;
				CLANG_ENABLE_OBJC_ARC = YES;
				CLANG_WARN_BOOL_CONVERSION = YES;
				CLANG_WARN_CONSTANT_CONVERSION = YES;
				CLANG_WARN_DIRECT_OBJC_ISA_USAGE = YES_ERROR;
				CLANG_WARN_EMPTY_BODY = YES;
				CLANG_WARN_ENUM_CONVERSION = YES;
				CLANG_WARN_INT_CONVERSION = YES;
				CLANG_WARN_OBJC_ROOT_CLASS = YES_ERROR;
				CLANG_WARN__DUPLICATE_METHOD_MATCH = YES;
				"CODE_SIGN_IDENTITY[sdk=iphoneos*]" = "iPhone Developer";
				COPY_PHASE_STRIP = YES;
				ENABLE_NS_ASSERTIONS = NO;
				GCC_C_LANGUAGE_STANDARD = gnu99;
				GCC_WARN_64_TO_32_BIT_CONVERSION = YES;
				GCC_WARN_ABOUT_RETURN_TYPE = YES_ERROR;
				GCC_WARN_UNDECLARED_SELECTOR = YES;
				GCC_WARN_UNINITIALIZED_AUTOS = YES;
				GCC_WARN_UNUSED_FUNCTION = YES;
				GCC_WARN_UNUSED_VARIABLE = YES;
				IPHONEOS_DEPLOYMENT_TARGET = 7.0;
				SDKROOT = iphoneos;
				VALIDATE_PRODUCT = YES;
			};
			name = Release;
		};
		47E4936818C3821100D6F600 /* Debug */ = {
			isa = XCBuildConfiguration;
			buildSettings = {
				ASSETCATALOG_COMPILER_APPICON_NAME = AppIcon;
				ASSETCATALOG_COMPILER_LAUNCHIMAGE_NAME = LaunchImage;
				GCC_PRECOMPILE_PREFIX_HEADER = YES;
				GCC_PREFIX_HEADER = "test/test-Prefix.pch";
				INFOPLIST_FILE = "test/test-Info.plist";
				PRODUCT_NAME = "$(TARGET_NAME)";
				WRAPPER_EXTENSION = app;
			};
			name = Debug;
		};
		47E4936918C3821100D6F600 /* Release */ = {
			isa = XCBuildConfiguration;
			buildSettings = {
				ASSETCATALOG_COMPILER_APPICON_NAME = AppIcon;
				ASSETCATALOG_COMPILER_LAUNCHIMAGE_NAME = LaunchImage;
				GCC_PRECOMPILE_PREFIX_HEADER = YES;
				GCC_PREFIX_HEADER = "test/test-Prefix.pch";
				INFOPLIST_FILE = "test/test-Info.plist";
				PRODUCT_NAME = "$(TARGET_NAME)";
				WRAPPER_EXTENSION = app;
			};
			name = Release;
		};
		47E4936B18C3821100D6F600 /* Debug */ = {
			isa = XCBuildConfiguration;
			buildSettings = {
				ARCHS = "$(ARCHS_STANDARD_INCLUDING_64_BIT)";
				BUNDLE_LOADER = "$(BUILT_PRODUCTS_DIR)/test.app/test";
				FRAMEWORK_SEARCH_PATHS = (
					"$(SDKROOT)/Developer/Library/Frameworks",
					"$(inherited)",
					"$(DEVELOPER_FRAMEWORKS_DIR)",
				);
				GCC_PRECOMPILE_PREFIX_HEADER = YES;
				GCC_PREFIX_HEADER = "test/test-Prefix.pch";
				GCC_PREPROCESSOR_DEFINITIONS = (
					"DEBUG=1",
					"$(inherited)",
				);
				INFOPLIST_FILE = "testTests/testTests-Info.plist";
				PRODUCT_NAME = "$(TARGET_NAME)";
				TEST_HOST = "$(BUNDLE_LOADER)";
				WRAPPER_EXTENSION = xctest;
			};
			name = Debug;
		};
		47E4936C18C3821100D6F600 /* Release */ = {
			isa = XCBuildConfiguration;
			buildSettings = {
				ARCHS = "$(ARCHS_STANDARD_INCLUDING_64_BIT)";
				BUNDLE_LOADER = "$(BUILT_PRODUCTS_DIR)/test.app/test";
				FRAMEWORK_SEARCH_PATHS = (
					"$(SDKROOT)/Developer/Library/Frameworks",
					"$(inherited)",
					"$(DEVELOPER_FRAMEWORKS_DIR)",
				);
				GCC_PRECOMPILE_PREFIX_HEADER = YES;
				GCC_PREFIX_HEADER = "test/test-Prefix.pch";
				INFOPLIST_FILE = "testTests/testTests-Info.plist";
				PRODUCT_NAME = "$(TARGET_NAME)";
				TEST_HOST = "$(BUNDLE_LOADER)";
				WRAPPER_EXTENSION = xctest;
			};
			name = Release;
		};
/* End XCBuildConfiguration section */

/* Begin XCConfigurationList section */
		47E4933018C3821100D6F600 /* Build configuration list for PBXProject "test" */ = {
			isa = XCConfigurationList;
			buildConfigurations = (
				47E4936518C3821100D6F600 /* Debug */,
				47E4936618C3821100D6F600 /* Release */,
			);
			defaultConfigurationIsVisible = 0;
			defaultConfigurationName = Release;
		};
		47E4936718C3821100D6F600 /* Build configuration list for PBXNativeTarget "test" */ = {
			isa = XCConfigurationList;
			buildConfigurations = (
				47E4936818C3821100D6F600 /* Debug */,
				47E4936918C3821100D6F600 /* Release */,
			);
			defaultConfigurationIsVisible = 0;
		};
		47E4936A18C3821100D6F600 /* Build configuration list for PBXNativeTarget "testTests" */ = {
			isa = XCConfigurationList;
			buildConfigurations = (
				47E4936B18C3821100D6F600 /* Debug */,
				47E4936C18C3821100D6F600 /* Release */,
			);
			defaultConfigurationIsVisible = 0;
		};
/* End XCConfigurationList section */
	};
	rootObject = 47E4932D18C3821100D6F600 /* Project object */;
}
